
Microsoft Visual Studio Solution File, Format Version 12.00
# Visual Studio 15
VisualStudioVersion = 15.0.28307.271
MinimumVisualStudioVersion = 10.0.40219.1
Project("{FAE04EC0-301F-11D3-BF4B-00C04F79EFBC}") = "App09_Estilo.Android", "App09_Estilo\App09_Estilo.Android\App09_Estilo.Android.csproj", "{EC0B3A30-FC23-4AB6-8E17-4DFA7745B02B}"
EndProject
Project("{FAE04EC0-301F-11D3-BF4B-00C04F79EFBC}") = "App09_Estilo.iOS", "App09_Estilo\App09_Estilo.iOS\App09_Estilo.iOS.csproj", "{7E27936C-954C-4D93-B92F-5C08E50ED694}"
EndProject
Project("{9A19103F-16F7-4668-BE54-9A1E7A4F7556}") = "App09_Estilo", "App09_Estilo\App09_Estilo\App09_Estilo.csproj", "{2F9E8A0D-D8B0-40F3-8336-5FD0ED530230}"
EndProject
Global
	GlobalSection(SolutionConfigurationPlatforms) = preSolution
		Ad-Hoc|Any CPU = Ad-Hoc|Any CPU
		Ad-Hoc|iPhone = Ad-Hoc|iPhone
		Ad-Hoc|iPhoneSimulator = Ad-Hoc|iPhoneSimulator
		AppStore|Any CPU = AppStore|Any CPU
		AppStore|iPhone = AppStore|iPhone
		AppStore|iPhoneSimulator = AppStore|iPhoneSimulator
		Debug|Any CPU = Debug|Any CPU
		Debug|iPhone = Debug|iPhone
		Debug|iPhoneSimulator = Debug|iPhoneSimulator
		Release|Any CPU = Release|Any CPU
		Release|iPhone = Release|iPhone
		Release|iPhoneSimulator = Release|iPhoneSimulator
	EndGlobalSection
	GlobalSection(ProjectConfigurationPlatforms) = postSolution
		{EC0B3A30-FC23-4AB6-8E17-4DFA7745B02B}.Ad-Hoc|Any CPU.ActiveCfg = Release|Any CPU
		{EC0B3A30-FC23-4AB6-8E17-4DFA7745B02B}.Ad-Hoc|Any CPU.Build.0 = Release|Any CPU
		{EC0B3A30-FC23-4AB6-8E17-4DFA7745B02B}.Ad-Hoc|Any CPU.Deploy.0 = Release|Any CPU
		{EC0B3A30-FC23-4AB6-8E17-4DFA7745B02B}.Ad-Hoc|iPhone.ActiveCfg = Release|Any CPU
		{EC0B3A30-FC23-4AB6-8E17-4DFA7745B02B}.Ad-Hoc|iPhone.Build.0 = Release|Any CPU
		{EC0B3A30-FC23-4AB6-8E17-4DFA7745B02B}.Ad-Hoc|iPhone.Deploy.0 = Release|Any CPU
		{EC0B3A30-FC23-4AB6-8E17-4DFA7745B02B}.Ad-Hoc|iPhoneSimulator.ActiveCfg = Release|Any CPU
		{EC0B3A30-FC23-4AB6-8E17-4DFA7745B02B}.Ad-Hoc|iPhoneSimulator.Build.0 = Release|Any CPU
		{EC0B3A30-FC23-4AB6-8E17-4DFA7745B02B}.Ad-Hoc|iPhoneSimulator.Deploy.0 = Release|Any CPU
		{EC0B3A30-FC23-4AB6-8E17-4DFA7745B02B}.AppStore|Any CPU.ActiveCfg = Release|Any CPU
		{EC0B3A30-FC23-4AB6-8E17-4DFA7745B02B}.AppStore|Any CPU.Build.0 = Release|Any CPU
		{EC0B3A30-FC23-4AB6-8E17-4DFA7745B02B}.AppStore|Any CPU.Deploy.0 = Release|Any CPU
		{EC0B3A30-FC23-4AB6-8E17-4DFA7745B02B}.AppStore|iPhone.ActiveCfg = Release|Any CPU
		{EC0B3A30-FC23-4AB6-8E17-4DFA7745B02B}.AppStore|iPhone.Build.0 = Release|Any CPU
		{EC0B3A30-FC23-4AB6-8E17-4DFA7745B02B}.AppStore|iPhone.Deploy.0 = Release|Any CPU
		{EC0B3A30-FC23-4AB6-8E17-4DFA7745B02B}.AppStore|iPhoneSimulator.ActiveCfg = Release|Any CPU
		{EC0B3A30-FC23-4AB6-8E17-4DFA7745B02B}.AppStore|iPhoneSimulator.Build.0 = Release|Any CPU
		{EC0B3A30-FC23-4AB6-8E17-4DFA7745B02B}.AppStore|iPhoneSimulator.Deploy.0 = Release|Any CPU
		{EC0B3A30-FC23-4AB6-8E17-4DFA7745B02B}.Debug|Any CPU.ActiveCfg = Debug|Any CPU
		{EC0B3A30-FC23-4AB6-8E17-4DFA7745B02B}.Debug|Any CPU.Build.0 = Debug|Any CPU
		{EC0B3A30-FC23-4AB6-8E17-4DFA7745B02B}.Debug|Any CPU.Deploy.0 = Debug|Any CPU
		{EC0B3A30-FC23-4AB6-8E17-4DFA7745B02B}.Debug|iPhone.ActiveCfg = Debug|Any CPU
		{EC0B3A30-FC23-4AB6-8E17-4DFA7745B02B}.Debug|iPhone.Build.0 = Debug|Any CPU
		{EC0B3A30-FC23-4AB6-8E17-4DFA7745B02B}.Debug|iPhone.Deploy.0 = Debug|Any CPU
		{EC0B3A30-FC23-4AB6-8E17-4DFA7745B02B}.Debug|iPhoneSimulator.ActiveCfg = Debug|Any CPU
		{EC0B3A30-FC23-4AB6-8E17-4DFA7745B02B}.Debug|iPhoneSimulator.Build.0 = Debug|Any CPU
		{EC0B3A30-FC23-4AB6-8E17-4DFA7745B02B}.Debug|iPhoneSimulator.Deploy.0 = Debug|Any CPU
		{EC0B3A30-FC23-4AB6-8E17-4DFA7745B02B}.Release|Any CPU.ActiveCfg = Release|Any CPU
		{EC0B3A30-FC23-4AB6-8E17-4DFA7745B02B}.Release|Any CPU.Build.0 = Release|Any CPU
		{EC0B3A30-FC23-4AB6-8E17-4DFA7745B02B}.Release|Any CPU.Deploy.0 = Release|Any CPU
		{EC0B3A30-FC23-4AB6-8E17-4DFA7745B02B}.Release|iPhone.ActiveCfg = Release|Any CPU
		{EC0B3A30-FC23-4AB6-8E17-4DFA7745B02B}.Release|iPhone.Build.0 = Release|Any CPU
		{EC0B3A30-FC23-4AB6-8E17-4DFA7745B02B}.Release|iPhone.Deploy.0 = Release|Any CPU
		{EC0B3A30-FC23-4AB6-8E17-4DFA7745B02B}.Release|iPhoneSimulator.ActiveCfg = Release|Any CPU
		{EC0B3A30-FC23-4AB6-8E17-4DFA7745B02B}.Release|iPhoneSimulator.Build.0 = Release|Any CPU
		{EC0B3A30-FC23-4AB6-8E17-4DFA7745B02B}.Release|iPhoneSimulator.Deploy.0 = Release|Any CPU
		{7E27936C-954C-4D93-B92F-5C08E50ED694}.Ad-Hoc|Any CPU.ActiveCfg = Ad-Hoc|iPhone
		{7E27936C-954C-4D93-B92F-5C08E50ED694}.Ad-Hoc|Any CPU.Build.0 = Ad-Hoc|iPhone
		{7E27936C-954C-4D93-B92F-5C08E50ED694}.Ad-Hoc|Any CPU.Deploy.0 = Ad-Hoc|iPhone
		{7E27936C-954C-4D93-B92F-5C08E50ED694}.Ad-Hoc|iPhone.ActiveCfg = Ad-Hoc|iPhone
		{7E27936C-954C-4D93-B92F-5C08E50ED694}.Ad-Hoc|iPhone.Build.0 = Ad-Hoc|iPhone
		{7E27936C-954C-4D93-B92F-5C08E50ED694}.Ad-Hoc|iPhone.Deploy.0 = Ad-Hoc|iPhone
		{7E27936C-954C-4D93-B92F-5C08E50ED694}.Ad-Hoc|iPhoneSimulator.ActiveCfg = Ad-Hoc|iPhoneSimulator
		{7E27936C-954C-4D93-B92F-5C08E50ED694}.Ad-Hoc|iPhoneSimulator.Build.0 = Ad-Hoc|iPhoneSimulator
		{7E27936C-954C-4D93-B92F-5C08E50ED694}.Ad-Hoc|iPhoneSimulator.Deploy.0 = Ad-Hoc|iPhoneSimulator
		{7E27936C-954C-4D93-B92F-5C08E50ED694}.AppStore|Any CPU.ActiveCfg = AppStore|iPhone
		{7E27936C-954C-4D93-B92F-5C08E50ED694}.AppStore|Any CPU.Build.0 = AppStore|iPhone
		{7E27936C-954C-4D93-B92F-5C08E50ED694}.AppStore|Any CPU.Deploy.0 = AppStore|iPhone
		{7E27936C-954C-4D93-B92F-5C08E50ED694}.AppStore|iPhone.ActiveCfg = AppStore|iPhone
		{7E27936C-954C-4D93-B92F-5C08E50ED694}.AppStore|iPhone.Build.0 = AppStore|iPhone
		{7E27936C-954C-4D93-B92F-5C08E50ED694}.AppStore|iPhone.Deploy.0 = AppStore|iPhone
		{7E27936C-954C-4D93-B92F-5C08E50ED694}.AppStore|iPhoneSimulator.ActiveCfg = AppStore|iPhoneSimulator
		{7E27936C-954C-4D93-B92F-5C08E50ED694}.AppStore|iPhoneSimulator.Build.0 = AppStore|iPhoneSimulator
		{7E27936C-954C-4D93-B92F-5C08E50ED694}.AppStore|iPhoneSimulator.Deploy.0 = AppStore|iPhoneSimulator
		{7E27936C-954C-4D93-B92F-5C08E50ED694}.Debug|Any CPU.ActiveCfg = Debug|iPhoneSimulator
		{7E27936C-954C-4D93-B92F-5C08E50ED694}.Debug|Any CPU.Build.0 = Debug|iPhoneSimulator
		{7E27936C-954C-4D93-B92F-5C08E50ED694}.Debug|Any CPU.Deploy.0 = Debug|iPhoneSimulator
		{7E27936C-954C-4D93-B92F-5C08E50ED694}.Debug|iPhone.ActiveCfg = Debug|iPhone
		{7E27936C-954C-4D93-B92F-5C08E50ED694}.Debug|iPhone.Build.0 = Debug|iPhone
		{7E27936C-954C-4D93-B92F-5C08E50ED694}.Debug|iPhone.Deploy.0 = Debug|iPhone
		{7E27936C-954C-4D93-B92F-5C08E50ED694}.Debug|iPhoneSimulator.ActiveCfg = Debug|iPhoneSimulator
		{7E27936C-954C-4D93-B92F-5C08E50ED694}.Debug|iPhoneSimulator.Build.0 = Debug|iPhoneSimulator
		{7E27936C-954C-4D93-B92F-5C08E50ED694}.Debug|iPhoneSimulator.Deploy.0 = Debug|iPhoneSimulator
		{7E27936C-954C-4D93-B92F-5C08E50ED694}.Release|Any CPU.ActiveCfg = Release|iPhone
		{7E27936C-954C-4D93-B92F-5C08E50ED694}.Release|Any CPU.Build.0 = Release|iPhone
		{7E27936C-954C-4D93-B92F-5C08E50ED694}.Release|Any CPU.Deploy.0 = Release|iPhone
		{7E27936C-954C-4D93-B92F-5C08E50ED694}.Release|iPhone.ActiveCfg = Release|iPhone
		{7E27936C-954C-4D93-B92F-5C08E50ED694}.Release|iPhone.Build.0 = Release|iPhone
		{7E27936C-954C-4D93-B92F-5C08E50ED694}.Release|iPhone.Deploy.0 = Release|iPhone
		{7E27936C-954C-4D93-B92F-5C08E50ED694}.Release|iPhoneSimulator.ActiveCfg = Release|iPhoneSimulator
		{7E27936C-954C-4D93-B92F-5C08E50ED694}.Release|iPhoneSimulator.Build.0 = Release|iPhoneSimulator
		{7E27936C-954C-4D93-B92F-5C08E50ED694}.Release|iPhoneSimulator.Deploy.0 = Release|iPhoneSimulator
		{2F9E8A0D-D8B0-40F3-8336-5FD0ED530230}.Ad-Hoc|Any CPU.ActiveCfg = Debug|Any CPU
		{2F9E8A0D-D8B0-40F3-8336-5FD0ED530230}.Ad-Hoc|Any CPU.Build.0 = Debug|Any CPU
		{2F9E8A0D-D8B0-40F3-8336-5FD0ED530230}.Ad-Hoc|Any CPU.Deploy.0 = Debug|Any CPU
		{2F9E8A0D-D8B0-40F3-8336-5FD0ED530230}.Ad-Hoc|iPhone.ActiveCfg = Debug|Any CPU
		{2F9E8A0D-D8B0-40F3-8336-5FD0ED530230}.Ad-Hoc|iPhone.Build.0 = Debug|Any CPU
		{2F9E8A0D-D8B0-40F3-8336-5FD0ED530230}.Ad-Hoc|iPhone.Deploy.0 = Debug|Any CPU
		{2F9E8A0D-D8B0-40F3-8336-5FD0ED530230}.Ad-Hoc|iPhoneSimulator.ActiveCfg = Debug|Any CPU
		{2F9E8A0D-D8B0-40F3-8336-5FD0ED530230}.Ad-Hoc|iPhoneSimulator.Build.0 = Debug|Any CPU
		{2F9E8A0D-D8B0-40F3-8336-5FD0ED530230}.Ad-Hoc|iPhoneSimulator.Deploy.0 = Debug|Any CPU
		{2F9E8A0D-D8B0-40F3-8336-5FD0ED530230}.AppStore|Any CPU.ActiveCfg = Debug|Any CPU
		{2F9E8A0D-D8B0-40F3-8336-5FD0ED530230}.AppStore|Any CPU.Build.0 = Debug|Any CPU
		{2F9E8A0D-D8B0-40F3-8336-5FD0ED530230}.AppStore|Any CPU.Deploy.0 = Debug|Any CPU
		{2F9E8A0D-D8B0-40F3-8336-5FD0ED530230}.AppStore|iPhone.ActiveCfg = Debug|Any CPU
		{2F9E8A0D-D8B0-40F3-8336-5FD0ED530230}.AppStore|iPhone.Build.0 = Debug|Any CPU
		{2F9E8A0D-D8B0-40F3-8336-5FD0ED530230}.AppStore|iPhone.Deploy.0 = Debug|Any CPU
		{2F9E8A0D-D8B0-40F3-8336-5FD0ED530230}.AppStore|iPhoneSimulator.ActiveCfg = Debug|Any CPU
		{2F9E8A0D-D8B0-40F3-8336-5FD0ED530230}.AppStore|iPhoneSimulator.Build.0 = Debug|Any CPU
		{2F9E8A0D-D8B0-40F3-8336-5FD0ED530230}.AppStore|iPhoneSimulator.Deploy.0 = Debug|Any CPU
		{2F9E8A0D-D8B0-40F3-8336-5FD0ED530230}.Debug|Any CPU.ActiveCfg = Debug|Any CPU
		{2F9E8A0D-D8B0-40F3-8336-5FD0ED530230}.Debug|Any CPU.Build.0 = Debug|Any CPU
		{2F9E8A0D-D8B0-40F3-8336-5FD0ED530230}.Debug|Any CPU.Deploy.0 = Debug|Any CPU
		{2F9E8A0D-D8B0-40F3-8336-5FD0ED530230}.Debug|iPhone.ActiveCfg = Debug|Any CPU
		{2F9E8A0D-D8B0-40F3-8336-5FD0ED530230}.Debug|iPhone.Build.0 = Debug|Any CPU
		{2F9E8A0D-D8B0-40F3-8336-5FD0ED530230}.Debug|iPhone.Deploy.0 = Debug|Any CPU
		{2F9E8A0D-D8B0-40F3-8336-5FD0ED530230}.Debug|iPhoneSimulator.ActiveCfg = Debug|Any CPU
		{2F9E8A0D-D8B0-40F3-8336-5FD0ED530230}.Debug|iPhoneSimulator.Build.0 = Debug|Any CPU
		{2F9E8A0D-D8B0-40F3-8336-5FD0ED530230}.Debug|iPhoneSimulator.Deploy.0 = Debug|Any CPU
		{2F9E8A0D-D8B0-40F3-8336-5FD0ED530230}.Release|Any CPU.ActiveCfg = Release|Any CPU
		{2F9E8A0D-D8B0-40F3-8336-5FD0ED530230}.Release|Any CPU.Build.0 = Release|Any CPU
		{2F9E8A0D-D8B0-40F3-8336-5FD0ED530230}.Release|Any CPU.Deploy.0 = Release|Any CPU
		{2F9E8A0D-D8B0-40F3-8336-5FD0ED530230}.Release|iPhone.ActiveCfg = Release|Any CPU
		{2F9E8A0D-D8B0-40F3-8336-5FD0ED530230}.Release|iPhone.Build.0 = Release|Any CPU
		{2F9E8A0D-D8B0-40F3-8336-5FD0ED530230}.Release|iPhone.Deploy.0 = Release|Any CPU
		{2F9E8A0D-D8B0-40F3-8336-5FD0ED530230}.Release|iPhoneSimulator.ActiveCfg = Release|Any CPU
		{2F9E8A0D-D8B0-40F3-8336-5FD0ED530230}.Release|iPhoneSimulator.Build.0 = Release|Any CPU
		{2F9E8A0D-D8B0-40F3-8336-5FD0ED530230}.Release|iPhoneSimulator.Deploy.0 = Release|Any CPU
	EndGlobalSection
	GlobalSection(SolutionProperties) = preSolution
		HideSolutionNode = FALSE
	EndGlobalSection
	GlobalSection(ExtensibilityGlobals) = postSolution
		SolutionGuid = {F5589BCC-BE2C-43A1-85B4-208D23308C38}
	EndGlobalSection
EndGlobal
